// !$*UTF8*$!
{
	archiveVersion = 1;
	classes = {
	};
	objectVersion = 46;
	objects = {

/* Begin PBXBuildFile section */
		614BC0E91B267AE300F21ED2 /* AppDelegate.swift in Sources */ = {isa = PBXBuildFile; fileRef = 614BC0E81B267AE300F21ED2 /* AppDelegate.swift */; };
		614BC0EB1B267AE300F21ED2 /* ViewController.swift in Sources */ = {isa = PBXBuildFile; fileRef = 614BC0EA1B267AE300F21ED2 /* ViewController.swift */; };
		614BC0EE1B267AE300F21ED2 /* Main.storyboard in Resources */ = {isa = PBXBuildFile; fileRef = 614BC0EC1B267AE300F21ED2 /* Main.storyboard */; };
		614BC0F01B267AE300F21ED2 /* Images.xcassets in Resources */ = {isa = PBXBuildFile; fileRef = 614BC0EF1B267AE300F21ED2 /* Images.xcassets */; };
		614BC0F31B267AE300F21ED2 /* LaunchScreen.xib in Resources */ = {isa = PBXBuildFile; fileRef = 614BC0F11B267AE300F21ED2 /* LaunchScreen.xib */; };
		614BC0FF1B267AE300F21ED2 /* Status_In_ClassTests.swift in Sources */ = {isa = PBXBuildFile; fileRef = 614BC0FE1B267AE300F21ED2 /* Status_In_ClassTests.swift */; };
		614BC1091B267EFB00F21ED2 /* User.swift in Sources */ = {isa = PBXBuildFile; fileRef = 614BC1081B267EFB00F21ED2 /* User.swift */; };
		614BC10B1B26800E00F21ED2 /* Update.swift in Sources */ = {isa = PBXBuildFile; fileRef = 614BC10A1B26800E00F21ED2 /* Update.swift */; };
		614BC10E1B26955700F21ED2 /* UpdateTableViewCell.swift in Sources */ = {isa = PBXBuildFile; fileRef = 614BC10C1B26955700F21ED2 /* UpdateTableViewCell.swift */; };
		614BC10F1B26955700F21ED2 /* UpdateTableViewCell.xib in Resources */ = {isa = PBXBuildFile; fileRef = 614BC10D1B26955700F21ED2 /* UpdateTableViewCell.xib */; };
		618A38141B2FC540001C9EF6 /* Status.xcdatamodeld in Sources */ = {isa = PBXBuildFile; fileRef = 618A38121B2FC540001C9EF6 /* Status.xcdatamodeld */; };
/* End PBXBuildFile section */

/* Begin PBXContainerItemProxy section */
		614BC0F91B267AE300F21ED2 /* PBXContainerItemProxy */ = {
			isa = PBXContainerItemProxy;
			containerPortal = 614BC0DB1B267AE300F21ED2 /* Project object */;
			proxyType = 1;
			remoteGlobalIDString = 614BC0E21B267AE300F21ED2;
			remoteInfo = "Status In Class";
		};
/* End PBXContainerItemProxy section */

/* Begin PBXFileReference section */
		614BC0E31B267AE300F21ED2 /* Status In Class.app */ = {isa = PBXFileReference; explicitFileType = wrapper.application; includeInIndex = 0; path = "Status In Class.app"; sourceTree = BUILT_PRODUCTS_DIR; };
		614BC0E71B267AE300F21ED2 /* Info.plist */ = {isa = PBXFileReference; lastKnownFileType = text.plist.xml; path = Info.plist; sourceTree = "<group>"; };
		614BC0E81B267AE300F21ED2 /* AppDelegate.swift */ = {isa = PBXFileReference; lastKnownFileType = sourcecode.swift; path = AppDelegate.swift; sourceTree = "<group>"; };
		614BC0EA1B267AE300F21ED2 /* ViewController.swift */ = {isa = PBXFileReference; lastKnownFileType = sourcecode.swift; path = ViewController.swift; sourceTree = "<group>"; };
		614BC0ED1B267AE300F21ED2 /* Base */ = {isa = PBXFileReference; lastKnownFileType = file.storyboard; name = Base; path = Base.lproj/Main.storyboard; sourceTree = "<group>"; };
		614BC0EF1B267AE300F21ED2 /* Images.xcassets */ = {isa = PBXFileReference; lastKnownFileType = folder.assetcatalog; path = Images.xcassets; sourceTree = "<group>"; };
		614BC0F21B267AE300F21ED2 /* Base */ = {isa = PBXFileReference; lastKnownFileType = file.xib; name = Base; path = Base.lproj/LaunchScreen.xib; sourceTree = "<group>"; };
		614BC0F81B267AE300F21ED2 /* Status In ClassTests.xctest */ = {isa = PBXFileReference; explicitFileType = wrapper.cfbundle; includeInIndex = 0; path = "Status In ClassTests.xctest"; sourceTree = BUILT_PRODUCTS_DIR; };
		614BC0FD1B267AE300F21ED2 /* Info.plist */ = {isa = PBXFileReference; lastKnownFileType = text.plist.xml; path = Info.plist; sourceTree = "<group>"; };
		614BC0FE1B267AE300F21ED2 /* Status_In_ClassTests.swift */ = {isa = PBXFileReference; lastKnownFileType = sourcecode.swift; path = Status_In_ClassTests.swift; sourceTree = "<group>"; };
		614BC1081B267EFB00F21ED2 /* User.swift */ = {isa = PBXFileReference; fileEncoding = 4; lastKnownFileType = sourcecode.swift; name = User.swift; path = ../User.swift; sourceTree = "<group>"; };
		614BC10A1B26800E00F21ED2 /* Update.swift */ = {isa = PBXFileReference; fileEncoding = 4; lastKnownFileType = sourcecode.swift; name = Update.swift; path = ../Update.swift; sourceTree = "<group>"; };
		614BC10C1B26955700F21ED2 /* UpdateTableViewCell.swift */ = {isa = PBXFileReference; fileEncoding = 4; lastKnownFileType = sourcecode.swift; path = UpdateTableViewCell.swift; sourceTree = "<group>"; };
		614BC10D1B26955700F21ED2 /* UpdateTableViewCell.xib */ = {isa = PBXFileReference; fileEncoding = 4; lastKnownFileType = file.xib; path = UpdateTableViewCell.xib; sourceTree = "<group>"; };
		618A38131B2FC540001C9EF6 /* Status.xcdatamodel */ = {isa = PBXFileReference; lastKnownFileType = wrapper.xcdatamodel; path = Status.xcdatamodel; sourceTree = "<group>"; };
/* End PBXFileReference section */

/* Begin PBXFrameworksBuildPhase section */
		614BC0E01B267AE300F21ED2 /* Frameworks */ = {
			isa = PBXFrameworksBuildPhase;
			buildActionMask = 2147483647;
			files = (
			);
			runOnlyForDeploymentPostprocessing = 0;
		};
		614BC0F51B267AE300F21ED2 /* Frameworks */ = {
			isa = PBXFrameworksBuildPhase;
			buildActionMask = 2147483647;
			files = (
			);
			runOnlyForDeploymentPostprocessing = 0;
		};
/* End PBXFrameworksBuildPhase section */

/* Begin PBXGroup section */
		614BC0DA1B267AE300F21ED2 = {
			isa = PBXGroup;
			children = (
				614BC0E51B267AE300F21ED2 /* Status In Class */,
				614BC0FB1B267AE300F21ED2 /* Status In ClassTests */,
				614BC0E41B267AE300F21ED2 /* Products */,
			);
			sourceTree = "<group>";
		};
		614BC0E41B267AE300F21ED2 /* Products */ = {
			isa = PBXGroup;
			children = (
				614BC0E31B267AE300F21ED2 /* Status In Class.app */,
				614BC0F81B267AE300F21ED2 /* Status In ClassTests.xctest */,
			);
			name = Products;
			sourceTree = "<group>";
		};
		614BC0E51B267AE300F21ED2 /* Status In Class */ = {
			isa = PBXGroup;
			children = (
				614BC1081B267EFB00F21ED2 /* User.swift */,
				614BC10A1B26800E00F21ED2 /* Update.swift */,
				614BC0E81B267AE300F21ED2 /* AppDelegate.swift */,
				614BC0EA1B267AE300F21ED2 /* ViewController.swift */,
				618A38121B2FC540001C9EF6 /* Status.xcdatamodeld */,
				614BC10C1B26955700F21ED2 /* UpdateTableViewCell.swift */,
				614BC10D1B26955700F21ED2 /* UpdateTableViewCell.xib */,
				614BC0EC1B267AE300F21ED2 /* Main.storyboard */,
				614BC0EF1B267AE300F21ED2 /* Images.xcassets */,
				614BC0F11B267AE300F21ED2 /* LaunchScreen.xib */,
				614BC0E61B267AE300F21ED2 /* Supporting Files */,
			);
			path = "Status In Class";
			sourceTree = "<group>";
		};
		614BC0E61B267AE300F21ED2 /* Supporting Files */ = {
			isa = PBXGroup;
			children = (
				614BC0E71B267AE300F21ED2 /* Info.plist */,
			);
			name = "Supporting Files";
			sourceTree = "<group>";
		};
		614BC0FB1B267AE300F21ED2 /* Status In ClassTests */ = {
			isa = PBXGroup;
			children = (
				614BC0FE1B267AE300F21ED2 /* Status_In_ClassTests.swift */,
				614BC0FC1B267AE300F21ED2 /* Supporting Files */,
			);
			path = "Status In ClassTests";
			sourceTree = "<group>";
		};
		614BC0FC1B267AE300F21ED2 /* Supporting Files */ = {
			isa = PBXGroup;
			children = (
				614BC0FD1B267AE300F21ED2 /* Info.plist */,
			);
			name = "Supporting Files";
			sourceTree = "<group>";
		};
/* End PBXGroup section */

/* Begin PBXNativeTarget section */
		614BC0E21B267AE300F21ED2 /* Status In Class */ = {
			isa = PBXNativeTarget;
			buildConfigurationList = 614BC1021B267AE300F21ED2 /* Build configuration list for PBXNativeTarget "Status In Class" */;
			buildPhases = (
				614BC0DF1B267AE300F21ED2 /* Sources */,
				614BC0E01B267AE300F21ED2 /* Frameworks */,
				614BC0E11B267AE300F21ED2 /* Resources */,
			);
			buildRules = (
			);
			dependencies = (
			);
			name = "Status In Class";
			productName = "Status In Class";
			productReference = 614BC0E31B267AE300F21ED2 /* Status In Class.app */;
			productType = "com.apple.product-type.application";
		};
		614BC0F71B267AE300F21ED2 /* Status In ClassTests */ = {
			isa = PBXNativeTarget;
			buildConfigurationList = 614BC1051B267AE300F21ED2 /* Build configuration list for PBXNativeTarget "Status In ClassTests" */;
			buildPhases = (
				614BC0F41B267AE300F21ED2 /* Sources */,
				614BC0F51B267AE300F21ED2 /* Frameworks */,
				614BC0F61B267AE300F21ED2 /* Resources */,
			);
			buildRules = (
			);
			dependencies = (
				614BC0FA1B267AE300F21ED2 /* PBXTargetDependency */,
			);
			name = "Status In ClassTests";
			productName = "Status In ClassTests";
			productReference = 614BC0F81B267AE300F21ED2 /* Status In ClassTests.xctest */;
			productType = "com.apple.product-type.bundle.unit-test";
		};
/* End PBXNativeTarget section */

/* Begin PBXProject section */
		614BC0DB1B267AE300F21ED2 /* Project object */ = {
			isa = PBXProject;
			attributes = {
				LastUpgradeCheck = 0630;
				ORGANIZATIONNAME = "Edrick Pascual";
				TargetAttributes = {
					614BC0E21B267AE300F21ED2 = {
						CreatedOnToolsVersion = 6.3;
					};
					614BC0F71B267AE300F21ED2 = {
						CreatedOnToolsVersion = 6.3;
						TestTargetID = 614BC0E21B267AE300F21ED2;
					};
				};
			};
			buildConfigurationList = 614BC0DE1B267AE300F21ED2 /* Build configuration list for PBXProject "Status In Class" */;
			compatibilityVersion = "Xcode 3.2";
			developmentRegion = English;
			hasScannedForEncodings = 0;
			knownRegions = (
				en,
				Base,
			);
			mainGroup = 614BC0DA1B267AE300F21ED2;
			productRefGroup = 614BC0E41B267AE300F21ED2 /* Products */;
			projectDirPath = "";
			projectRoot = "";
			targets = (
				614BC0E21B267AE300F21ED2 /* Status In Class */,
				614BC0F71B267AE300F21ED2 /* Status In ClassTests */,
			);
		};
/* End PBXProject section */

/* Begin PBXResourcesBuildPhase section */
		614BC0E11B267AE300F21ED2 /* Resources */ = {
			isa = PBXResourcesBuildPhase;
			buildActionMask = 2147483647;
			files = (
				614BC0EE1B267AE300F21ED2 /* Main.storyboard in Resources */,
				614BC0F31B267AE300F21ED2 /* LaunchScreen.xib in Resources */,
				614BC10F1B26955700F21ED2 /* UpdateTableViewCell.xib in Resources */,
				614BC0F01B267AE300F21ED2 /* Images.xcassets in Resources */,
			);
			runOnlyForDeploymentPostprocessing = 0;
		};
		614BC0F61B267AE300F21ED2 /* Resources */ = {
			isa = PBXResourcesBuildPhase;
			buildActionMask = 2147483647;
			files = (
			);
			runOnlyForDeploymentPostprocessing = 0;
		};
/* End PBXResourcesBuildPhase section */

/* Begin PBXSourcesBuildPhase section */
		614BC0DF1B267AE300F21ED2 /* Sources */ = {
			isa = PBXSourcesBuildPhase;
			buildActionMask = 2147483647;
			files = (
				614BC0EB1B267AE300F21ED2 /* ViewController.swift in Sources */,
				618A38141B2FC540001C9EF6 /* Status.xcdatamodeld in Sources */,
				614BC10E1B26955700F21ED2 /* UpdateTableViewCell.swift in Sources */,
				614BC0E91B267AE300F21ED2 /* AppDelegate.swift in Sources */,
				614BC10B1B26800E00F21ED2 /* Update.swift in Sources */,
				614BC1091B267EFB00F21ED2 /* User.swift in Sources */,
			);
			runOnlyForDeploymentPostprocessing = 0;
		};
		614BC0F41B267AE300F21ED2 /* Sources */ = {
			isa = PBXSourcesBuildPhase;
			buildActionMask = 2147483647;
			files = (
				614BC0FF1B267AE300F21ED2 /* Status_In_ClassTests.swift in Sources */,
			);
			runOnlyForDeploymentPostprocessing = 0;
		};
/* End PBXSourcesBuildPhase section */

/* Begin PBXTargetDependency section */
		614BC0FA1B267AE300F21ED2 /* PBXTargetDependency */ = {
			isa = PBXTargetDependency;
			target = 614BC0E21B267AE300F21ED2 /* Status In Class */;
			targetProxy = 614BC0F91B267AE300F21ED2 /* PBXContainerItemProxy */;
		};
/* End PBXTargetDependency section */

/* Begin PBXVariantGroup section */
		614BC0EC1B267AE300F21ED2 /* Main.storyboard */ = {
			isa = PBXVariantGroup;
			children = (
				614BC0ED1B267AE300F21ED2 /* Base */,
			);
			name = Main.storyboard;
			sourceTree = "<group>";
		};
		614BC0F11B267AE300F21ED2 /* LaunchScreen.xib */ = {
			isa = PBXVariantGroup;
			children = (
				614BC0F21B267AE300F21ED2 /* Base */,
			);
			name = LaunchScreen.xib;
			sourceTree = "<group>";
		};
/* End PBXVariantGroup section */

/* Begin XCBuildConfiguration section */
		614BC1001B267AE300F21ED2 /* Debug */ = {
			isa = XCBuildConfiguration;
			buildSettings = {
				ALWAYS_SEARCH_USER_PATHS = NO;
				CLANG_CXX_LANGUAGE_STANDARD = "gnu++0x";
				CLANG_CXX_LIBRARY = "libc++";
				CLANG_ENABLE_MODULES = YES;
				CLANG_ENABLE_OBJC_ARC = YES;
				CLANG_WARN_BOOL_CONVERSION = YES;
				CLANG_WARN_CONSTANT_CONVERSION = YES;
				CLANG_WARN_DIRECT_OBJC_ISA_USAGE = YES_ERROR;
				CLANG_WARN_EMPTY_BODY = YES;
				CLANG_WARN_ENUM_CONVERSION = YES;
				CLANG_WARN_INT_CONVERSION = YES;
				CLANG_WARN_OBJC_ROOT_CLASS = YES_ERROR;
				CLANG_WARN_UNREACHABLE_CODE = YES;
				CLANG_WARN__DUPLICATE_METHOD_MATCH = YES;
				"CODE_SIGN_IDENTITY[sdk=iphoneos*]" = "iPhone Developer";
				COPY_PHASE_STRIP = NO;
				DEBUG_INFORMATION_FORMAT = "dwarf-with-dsym";
				ENABLE_STRICT_OBJC_MSGSEND = YES;
				GCC_C_LANGUAGE_STANDARD = gnu99;
				GCC_DYNAMIC_NO_PIC = NO;
				GCC_NO_COMMON_BLOCKS = YES;
				GCC_OPTIMIZATION_LEVEL = 0;
				GCC_PREPROCESSOR_DEFINITIONS = (
					"DEBUG=1",
					"$(inherited)",
				);
				GCC_SYMBOLS_PRIVATE_EXTERN = NO;
				GCC_WARN_64_TO_32_BIT_CONVERSION = YES;
				GCC_WARN_ABOUT_RETURN_TYPE = YES_ERROR;
				GCC_WARN_UNDECLARED_SELECTOR = YES;
				GCC_WARN_UNINITIALIZED_AUTOS = YES_AGGRESSIVE;
				GCC_WARN_UNUSED_FUNCTION = YES;
				GCC_WARN_UNUSED_VARIABLE = YES;
				IPHONEOS_DEPLOYMENT_TARGET = 8.3;
				MTL_ENABLE_DEBUG_INFO = YES;
				ONLY_ACTIVE_ARCH = YES;
				SDKROOT = iphoneos;
				SWIFT_OPTIMIZATION_LEVEL = "-Onone";
				TARGETED_DEVICE_FAMILY = "1,2";
			};
			name = Debug;
		};
		614BC1011B267AE300F21ED2 /* Release */ = {
			isa = XCBuildConfiguration;
			buildSettings = {
				ALWAYS_SEARCH_USER_PATHS = NO;
				CLANG_CXX_LANGUAGE_STANDARD = "gnu++0x";
				CLANG_CXX_LIBRARY = "libc++";
				CLANG_ENABLE_MODULES = YES;
				CLANG_ENABLE_OBJC_ARC = YES;
				CLANG_WARN_BOOL_CONVERSION = YES;
				CLANG_WARN_CONSTANT_CONVERSION = YES;
				CLANG_WARN_DIRECT_OBJC_ISA_USAGE = YES_ERROR;
				CLANG_WARN_EMPTY_BODY = YES;
				CLANG_WARN_ENUM_CONVERSION = YES;
				CLANG_WARN_INT_CONVERSION = YES;
				CLANG_WARN_OBJC_ROOT_CLASS = YES_ERROR;
				CLANG_WARN_UNREACHABLE_CODE = YES;
				CLANG_WARN__DUPLICATE_METHOD_MATCH = YES;
				"CODE_SIGN_IDENTITY[sdk=iphoneos*]" = "iPhone Developer";
				COPY_PHASE_STRIP = NO;
				DEBUG_INFORMATION_FORMAT = "dwarf-with-dsym";
				ENABLE_NS_ASSERTIONS = NO;
				ENABLE_STRICT_OBJC_MSGSEND = YES;
				GCC_C_LANGUAGE_STANDARD = gnu99;
				GCC_NO_COMMON_BLOCKS = YES;
				GCC_WARN_64_TO_32_BIT_CONVERSION = YES;
				GCC_WARN_ABOUT_RETURN_TYPE = YES_ERROR;
				GCC_WARN_UNDECLARED_SELECTOR = YES;
				GCC_WARN_UNINITIALIZED_AUTOS = YES_AGGRESSIVE;
				GCC_WARN_UNUSED_FUNCTION = YES;
				GCC_WARN_UNUSED_VARIABLE = YES;
				IPHONEOS_DEPLOYMENT_TARGET = 8.3;
				MTL_ENABLE_DEBUG_INFO = NO;
				SDKROOT = iphoneos;
				TARGETED_DEVICE_FAMILY = "1,2";
				VALIDATE_PRODUCT = YES;
			};
			name = Release;
		};
		614BC1031B267AE300F21ED2 /* Debug */ = {
			isa = XCBuildConfiguration;
			buildSettings = {
				ASSETCATALOG_COMPILER_APPICON_NAME = AppIcon;
				INFOPLIST_FILE = "Status In Class/Info.plist";
				LD_RUNPATH_SEARCH_PATHS = "$(inherited) @executable_path/Frameworks";
				PRODUCT_NAME = "$(TARGET_NAME)";
			};
			name = Debug;
		};
		614BC1041B267AE300F21ED2 /* Release */ = {
			isa = XCBuildConfiguration;
			buildSettings = {
				ASSETCATALOG_COMPILER_APPICON_NAME = AppIcon;
				INFOPLIST_FILE = "Status In Class/Info.plist";
				LD_RUNPATH_SEARCH_PATHS = "$(inherited) @executable_path/Frameworks";
				PRODUCT_NAME = "$(TARGET_NAME)";
			};
			name = Release;
		};
		614BC1061B267AE300F21ED2 /* Debug */ = {
			isa = XCBuildConfiguration;
			buildSettings = {
				BUNDLE_LOADER = "$(TEST_HOST)";
				FRAMEWORK_SEARCH_PATHS = (
					"$(SDKROOT)/Developer/Library/Frameworks",
					"$(inherited)",
				);
				GCC_PREPROCESSOR_DEFINITIONS = (
					"DEBUG=1",
					"$(inherited)",
				);
				INFOPLIST_FILE = "Status In ClassTests/Info.plist";
				LD_RUNPATH_SEARCH_PATHS = "$(inherited) @executable_path/Frameworks @loader_path/Frameworks";
				PRODUCT_NAME = "$(TARGET_NAME)";
				TEST_HOST = "$(BUILT_PRODUCTS_DIR)/Status In Class.app/Status In Class";
			};
			name = Debug;
		};
		614BC1071B267AE300F21ED2 /* Release */ = {
			isa = XCBuildConfiguration;
			buildSettings = {
				BUNDLE_LOADER = "$(TEST_HOST)";
				FRAMEWORK_SEARCH_PATHS = (
					"$(SDKROOT)/Developer/Library/Frameworks",
					"$(inherited)",
				);
				INFOPLIST_FILE = "Status In ClassTests/Info.plist";
				LD_RUNPATH_SEARCH_PATHS = "$(inherited) @executable_path/Frameworks @loader_path/Frameworks";
				PRODUCT_NAME = "$(TARGET_NAME)";
				TEST_HOST = "$(BUILT_PRODUCTS_DIR)/Status In Class.app/Status In Class";
			};
			name = Release;
		};
/* End XCBuildConfiguration section */

/* Begin XCConfigurationList section */
		614BC0DE1B267AE300F21ED2 /* Build configuration list for PBXProject "Status In Class" */ = {
			isa = XCConfigurationList;
			buildConfigurations = (
				614BC1001B267AE300F21ED2 /* Debug */,
				614BC1011B267AE300F21ED2 /* Release */,
			);
			defaultConfigurationIsVisible = 0;
			defaultConfigurationName = Release;
		};
		614BC1021B267AE300F21ED2 /* Build configuration list for PBXNativeTarget "Status In Class" */ = {
			isa = XCConfigurationList;
			buildConfigurations = (
				614BC1031B267AE300F21ED2 /* Debug */,
				614BC1041B267AE300F21ED2 /* Release */,
			);
			defaultConfigurationIsVisible = 0;
			defaultConfigurationName = Release;
		};
		614BC1051B267AE300F21ED2 /* Build configuration list for PBXNativeTarget "Status In ClassTests" */ = {
			isa = XCConfigurationList;
			buildConfigurations = (
				614BC1061B267AE300F21ED2 /* Debug */,
				614BC1071B267AE300F21ED2 /* Release */,
			);
			defaultConfigurationIsVisible = 0;
			defaultConfigurationName = Release;
		};
/* End XCConfigurationList section */

/* Begin XCVersionGroup section */
		618A38121B2FC540001C9EF6 /* Status.xcdatamodeld */ = {
			isa = XCVersionGroup;
			children = (
				618A38131B2FC540001C9EF6 /* Status.xcdatamodel */,
			);
			currentVersion = 618A38131B2FC540001C9EF6 /* Status.xcdatamodel */;
			path = Status.xcdatamodeld;
			sourceTree = "<group>";
			versionGroupType = wrapper.xcdatamodel;
		};
/* End XCVersionGroup section */
	};
	rootObject = 614BC0DB1B267AE300F21ED2 /* Project object */;
}
